
Microsoft Visual Studio Solution File, Format Version 12.00
# Visual Studio Version 17
VisualStudioVersion = 17.0.31903.59
MinimumVisualStudioVersion = 10.0.40219.1
Project("{2150E333-8FDC-42A3-9474-1A3956D46DE8}") = "src", "src", "{A60B9917-D7C7-4E9A-8D7F-250DBCD8D001}"
EndProject
Project("{FAE04EC0-301F-11D3-BF4B-00C04F79EFBC}") = "AuctionService", "src\AuctionService\AuctionService.csproj", "{8BDDA365-FDE1-45A2-AC33-27426EF21692}"
EndProject
Project("{FAE04EC0-301F-11D3-BF4B-00C04F79EFBC}") = "SearchService", "src\SearchService\SearchService.csproj", "{74323C82-A759-4A32-9750-1FA235F057DE}"
EndProject
Global
	GlobalSection(SolutionConfigurationPlatforms) = preSolution
		Debug|Any CPU = Debug|Any CPU
		Release|Any CPU = Release|Any CPU
	EndGlobalSection
	GlobalSection(SolutionProperties) = preSolution
		HideSolutionNode = FALSE
	EndGlobalSection
	GlobalSection(ProjectConfigurationPlatforms) = postSolution
		{8BDDA365-FDE1-45A2-AC33-27426EF21692}.Debug|Any CPU.ActiveCfg = Debug|Any CPU
		{8BDDA365-FDE1-45A2-AC33-27426EF21692}.Debug|Any CPU.Build.0 = Debug|Any CPU
		{8BDDA365-FDE1-45A2-AC33-27426EF21692}.Release|Any CPU.ActiveCfg = Release|Any CPU
		{8BDDA365-FDE1-45A2-AC33-27426EF21692}.Release|Any CPU.Build.0 = Release|Any CPU
		{74323C82-A759-4A32-9750-1FA235F057DE}.Debug|Any CPU.ActiveCfg = Debug|Any CPU
		{74323C82-A759-4A32-9750-1FA235F057DE}.Debug|Any CPU.Build.0 = Debug|Any CPU
		{74323C82-A759-4A32-9750-1FA235F057DE}.Release|Any CPU.ActiveCfg = Release|Any CPU
		{74323C82-A759-4A32-9750-1FA235F057DE}.Release|Any CPU.Build.0 = Release|Any CPU
	EndGlobalSection
	GlobalSection(NestedProjects) = preSolution
		{8BDDA365-FDE1-45A2-AC33-27426EF21692} = {A60B9917-D7C7-4E9A-8D7F-250DBCD8D001}
		{74323C82-A759-4A32-9750-1FA235F057DE} = {A60B9917-D7C7-4E9A-8D7F-250DBCD8D001}
	EndGlobalSection
EndGlobal
